
Microsoft Visual Studio Solution File, Format Version 12.00
# Visual Studio Version 16
VisualStudioVersion = 16.0.29709.97
MinimumVisualStudioVersion = 10.0.40219.1
Project("{9A19103F-16F7-4668-BE54-9A1E7A4F7556}") = "ClothsStore.Api", "ClothsStoreApi\ClothsStore.Api.csproj", "{522D1870-115E-4D57-9A3C-079FC672BAF3}"
EndProject
Project("{00D1A9C2-B5F0-4AF3-8072-F6C62B433612}") = "ClothsStore.Database", "ClothsStoreDatabase\ClothsStore.Database.sqlproj", "{53CCB365-D293-4DEF-A2C3-9C19CD21C233}"
EndProject
Project("{9A19103F-16F7-4668-BE54-9A1E7A4F7556}") = "ClothsStore.BL", "ClothsStoreBL\ClothsStore.BL.csproj", "{8BB13ED0-8FD0-4411-9CAC-1239C19EE9B5}"
EndProject
Project("{FAE04EC0-301F-11D3-BF4B-00C04F79EFBC}") = "ClothsStore.DAL", "ClothsStore.DAL\ClothsStore.DAL.csproj", "{0D018F31-FA8C-49D5-B47E-C5FE5435D34D}"
EndProject
Global
	GlobalSection(SolutionConfigurationPlatforms) = preSolution
		Debug|Any CPU = Debug|Any CPU
		Release|Any CPU = Release|Any CPU
	EndGlobalSection
	GlobalSection(ProjectConfigurationPlatforms) = postSolution
		{522D1870-115E-4D57-9A3C-079FC672BAF3}.Debug|Any CPU.ActiveCfg = Debug|Any CPU
		{522D1870-115E-4D57-9A3C-079FC672BAF3}.Debug|Any CPU.Build.0 = Debug|Any CPU
		{522D1870-115E-4D57-9A3C-079FC672BAF3}.Release|Any CPU.ActiveCfg = Release|Any CPU
		{522D1870-115E-4D57-9A3C-079FC672BAF3}.Release|Any CPU.Build.0 = Release|Any CPU
		{53CCB365-D293-4DEF-A2C3-9C19CD21C233}.Debug|Any CPU.ActiveCfg = Debug|Any CPU
		{53CCB365-D293-4DEF-A2C3-9C19CD21C233}.Debug|Any CPU.Build.0 = Debug|Any CPU
		{53CCB365-D293-4DEF-A2C3-9C19CD21C233}.Debug|Any CPU.Deploy.0 = Debug|Any CPU
		{53CCB365-D293-4DEF-A2C3-9C19CD21C233}.Release|Any CPU.ActiveCfg = Release|Any CPU
		{53CCB365-D293-4DEF-A2C3-9C19CD21C233}.Release|Any CPU.Build.0 = Release|Any CPU
		{53CCB365-D293-4DEF-A2C3-9C19CD21C233}.Release|Any CPU.Deploy.0 = Release|Any CPU
		{8BB13ED0-8FD0-4411-9CAC-1239C19EE9B5}.Debug|Any CPU.ActiveCfg = Debug|Any CPU
		{8BB13ED0-8FD0-4411-9CAC-1239C19EE9B5}.Debug|Any CPU.Build.0 = Debug|Any CPU
		{8BB13ED0-8FD0-4411-9CAC-1239C19EE9B5}.Release|Any CPU.ActiveCfg = Release|Any CPU
		{8BB13ED0-8FD0-4411-9CAC-1239C19EE9B5}.Release|Any CPU.Build.0 = Release|Any CPU
		{0D018F31-FA8C-49D5-B47E-C5FE5435D34D}.Debug|Any CPU.ActiveCfg = Debug|Any CPU
		{0D018F31-FA8C-49D5-B47E-C5FE5435D34D}.Debug|Any CPU.Build.0 = Debug|Any CPU
		{0D018F31-FA8C-49D5-B47E-C5FE5435D34D}.Release|Any CPU.ActiveCfg = Release|Any CPU
		{0D018F31-FA8C-49D5-B47E-C5FE5435D34D}.Release|Any CPU.Build.0 = Release|Any CPU
	EndGlobalSection
	GlobalSection(SolutionProperties) = preSolution
		HideSolutionNode = FALSE
	EndGlobalSection
	GlobalSection(ExtensibilityGlobals) = postSolution
		SolutionGuid = {AC06BE94-4E61-4AAE-ADF0-7808A070FF38}
	EndGlobalSection
EndGlobal
